{
  "version": "5",
  "redirects": {
    "https://esm.sh/@supabase/supabase-js@2": "https://esm.sh/@supabase/supabase-js@2.105.4"
  },
  "remote": {
    "https://esm.sh/@supabase/supabase-js@2.105.4": "92cda3ff3af2e241766bc1d53b87167b4d6376d43a0e2f31ddcd6d41a58d09f9"
  },
  "workspace": {
    "packageJson": {
      "dependencies": [
        "npm:@expo/metro-runtime@~6.1.2",
        "npm:@noble/ciphers@^2.2.0",
        "npm:@noble/hashes@^2.2.0",
        "npm:@react-native-async-storage/async-storage@2.2.0",
        "npm:@supabase/supabase-js@^2.105.4",
        "npm:@types/react@19.1",
        "npm:babel-preset-expo@~54.0.10",
        "npm:base64-js@^1.5.1",
        "npm:expo-blur@~15.0.8",
        "npm:expo-constants@~18.0.13",
        "npm:expo-crypto@~15.0.9",
        "npm:expo-document-picker@~14.0.8",
        "npm:expo-file-system@~19.0.22",
        "npm:expo-image-picker@~17.0.11",
        "npm:expo-linear-gradient@~15.0.8",
        "npm:expo-linking@~8.0.12",
        "npm:expo-router@~6.0.23",
        "npm:expo-secure-store@~15.0.8",
        "npm:expo-status-bar@~3.0.9",
        "npm:expo-video@~3.0.16",
        "npm:expo@~54.0.33",
        "npm:lucide-react-native@^1.14.0",
        "npm:nativewind@^4.2.3",
        "npm:prettier-plugin-tailwindcss@~0.5.14",
        "npm:react-dom@19.1.0",
        "npm:react-native-reanimated@~4.1.1",
        "npm:react-native-safe-area-context@5.6",
        "npm:react-native-screens@4.16",
        "npm:react-native-url-polyfill@3",
        "npm:react-native-web@0.21",
        "npm:react-native@0.81.5",
        "npm:react@19.1.0",
        "npm:tailwindcss@^3.4.19",
        "npm:typescript@~5.9.2"
      ]
    }
  }
}
